
Microsoft Visual Studio Solution File, Format Version 12.00
# Visual Studio 15
VisualStudioVersion = 15.0.27703.2035
MinimumVisualStudioVersion = 10.0.40219.1
Project("{FAE04EC0-301F-11D3-BF4B-00C04F79EFBC}") = "desafio1", "desafios\desafio1.csproj", "{97067259-35CA-4F2A-89E4-F4864DFA0C3E}"
EndProject
Project("{FAE04EC0-301F-11D3-BF4B-00C04F79EFBC}") = "desafio2", "desafio2\desafio2.csproj", "{80192689-DEC6-4C78-A3C7-03C984B6AD47}"
EndProject
Project("{FAE04EC0-301F-11D3-BF4B-00C04F79EFBC}") = "desafio3", "desafio3\desafio3.csproj", "{2A2B7E1B-DC42-421B-92F1-30B968791E52}"
EndProject
Project("{FAE04EC0-301F-11D3-BF4B-00C04F79EFBC}") = "desafio4", "desafio4\desafio4.csproj", "{03A904D5-982D-4D42-9888-8A4474AA135E}"
EndProject
Project("{FAE04EC0-301F-11D3-BF4B-00C04F79EFBC}") = "Desafio5", "Desafio5\Desafio5.csproj", "{6DC3B19B-6EEA-457A-8FB1-36EF8A2CB1ED}"
EndProject
Global
	GlobalSection(SolutionConfigurationPlatforms) = preSolution
		Debug|Any CPU = Debug|Any CPU
		Release|Any CPU = Release|Any CPU
	EndGlobalSection
	GlobalSection(ProjectConfigurationPlatforms) = postSolution
		{97067259-35CA-4F2A-89E4-F4864DFA0C3E}.Debug|Any CPU.ActiveCfg = Debug|Any CPU
		{97067259-35CA-4F2A-89E4-F4864DFA0C3E}.Debug|Any CPU.Build.0 = Debug|Any CPU
		{97067259-35CA-4F2A-89E4-F4864DFA0C3E}.Release|Any CPU.ActiveCfg = Release|Any CPU
		{97067259-35CA-4F2A-89E4-F4864DFA0C3E}.Release|Any CPU.Build.0 = Release|Any CPU
		{80192689-DEC6-4C78-A3C7-03C984B6AD47}.Debug|Any CPU.ActiveCfg = Debug|Any CPU
		{80192689-DEC6-4C78-A3C7-03C984B6AD47}.Debug|Any CPU.Build.0 = Debug|Any CPU
		{80192689-DEC6-4C78-A3C7-03C984B6AD47}.Release|Any CPU.ActiveCfg = Release|Any CPU
		{80192689-DEC6-4C78-A3C7-03C984B6AD47}.Release|Any CPU.Build.0 = Release|Any CPU
		{2A2B7E1B-DC42-421B-92F1-30B968791E52}.Debug|Any CPU.ActiveCfg = Debug|Any CPU
		{2A2B7E1B-DC42-421B-92F1-30B968791E52}.Debug|Any CPU.Build.0 = Debug|Any CPU
		{2A2B7E1B-DC42-421B-92F1-30B968791E52}.Release|Any CPU.ActiveCfg = Release|Any CPU
		{2A2B7E1B-DC42-421B-92F1-30B968791E52}.Release|Any CPU.Build.0 = Release|Any CPU
		{03A904D5-982D-4D42-9888-8A4474AA135E}.Debug|Any CPU.ActiveCfg = Debug|Any CPU
		{03A904D5-982D-4D42-9888-8A4474AA135E}.Debug|Any CPU.Build.0 = Debug|Any CPU
		{03A904D5-982D-4D42-9888-8A4474AA135E}.Release|Any CPU.ActiveCfg = Release|Any CPU
		{03A904D5-982D-4D42-9888-8A4474AA135E}.Release|Any CPU.Build.0 = Release|Any CPU
		{6DC3B19B-6EEA-457A-8FB1-36EF8A2CB1ED}.Debug|Any CPU.ActiveCfg = Debug|Any CPU
		{6DC3B19B-6EEA-457A-8FB1-36EF8A2CB1ED}.Debug|Any CPU.Build.0 = Debug|Any CPU
		{6DC3B19B-6EEA-457A-8FB1-36EF8A2CB1ED}.Release|Any CPU.ActiveCfg = Release|Any CPU
		{6DC3B19B-6EEA-457A-8FB1-36EF8A2CB1ED}.Release|Any CPU.Build.0 = Release|Any CPU
	EndGlobalSection
	GlobalSection(SolutionProperties) = preSolution
		HideSolutionNode = FALSE
	EndGlobalSection
	GlobalSection(ExtensibilityGlobals) = postSolution
		SolutionGuid = {024FA585-F9EC-4DF4-BF17-6657F2FB2C94}
	EndGlobalSection
EndGlobal
